
Microsoft Visual Studio Solution File, Format Version 12.00
# Visual Studio 15
VisualStudioVersion = 15.0.28010.0
MinimumVisualStudioVersion = 10.0.40219.1
Project("{9A19103F-16F7-4668-BE54-9A1E7A4F7556}") = "inamdo-msg-sender", "inamdo-msg-sender.csproj", "{5B7B186A-761B-4F47-B219-60B103B2AD63}"
EndProject
Project("{9A19103F-16F7-4668-BE54-9A1E7A4F7556}") = "inamdo-msg-sender.Tests", "..\..\test\inamdo-msg-sender.Tests\inamdo-msg-sender.Tests.csproj", "{D2FF506C-8E6F-419A-9353-94942A68ACD7}"
EndProject
Global
	GlobalSection(SolutionConfigurationPlatforms) = preSolution
		Debug|Any CPU = Debug|Any CPU
		Release|Any CPU = Release|Any CPU
	EndGlobalSection
	GlobalSection(ProjectConfigurationPlatforms) = postSolution
		{5B7B186A-761B-4F47-B219-60B103B2AD63}.Debug|Any CPU.ActiveCfg = Debug|Any CPU
		{5B7B186A-761B-4F47-B219-60B103B2AD63}.Debug|Any CPU.Build.0 = Debug|Any CPU
		{5B7B186A-761B-4F47-B219-60B103B2AD63}.Release|Any CPU.ActiveCfg = Release|Any CPU
		{5B7B186A-761B-4F47-B219-60B103B2AD63}.Release|Any CPU.Build.0 = Release|Any CPU
		{D2FF506C-8E6F-419A-9353-94942A68ACD7}.Debug|Any CPU.ActiveCfg = Debug|Any CPU
		{D2FF506C-8E6F-419A-9353-94942A68ACD7}.Debug|Any CPU.Build.0 = Debug|Any CPU
		{D2FF506C-8E6F-419A-9353-94942A68ACD7}.Release|Any CPU.ActiveCfg = Release|Any CPU
		{D2FF506C-8E6F-419A-9353-94942A68ACD7}.Release|Any CPU.Build.0 = Release|Any CPU
	EndGlobalSection
	GlobalSection(SolutionProperties) = preSolution
		HideSolutionNode = FALSE
	EndGlobalSection
	GlobalSection(ExtensibilityGlobals) = postSolution
		SolutionGuid = {3165A1EC-AF4F-4815-AFD1-F4DA49FB2F1B}
	EndGlobalSection
EndGlobal
